
Microsoft Visual Studio Solution File, Format Version 12.00
# Visual Studio 14
VisualStudioVersion = 14.0.25420.1
MinimumVisualStudioVersion = 10.0.40219.1
Project("{FAE04EC0-301F-11D3-BF4B-00C04F79EFBC}") = "SapphireLo.Tools", "SapphireLo.Tools\SapphireLo.Tools.csproj", "{97A642F2-68F9-4BBB-B1A1-6346E089F109}"
EndProject
Global
	GlobalSection(SolutionConfigurationPlatforms) = preSolution
		Debug|Any CPU = Debug|Any CPU
		Release|Any CPU = Release|Any CPU
	EndGlobalSection
	GlobalSection(ProjectConfigurationPlatforms) = postSolution
		{97A642F2-68F9-4BBB-B1A1-6346E089F109}.Debug|Any CPU.ActiveCfg = Debug|Any CPU
		{97A642F2-68F9-4BBB-B1A1-6346E089F109}.Debug|Any CPU.Build.0 = Debug|Any CPU
		{97A642F2-68F9-4BBB-B1A1-6346E089F109}.Release|Any CPU.ActiveCfg = Release|Any CPU
		{97A642F2-68F9-4BBB-B1A1-6346E089F109}.Release|Any CPU.Build.0 = Release|Any CPU
	EndGlobalSection
	GlobalSection(SolutionProperties) = preSolution
		HideSolutionNode = FALSE
	EndGlobalSection
	GlobalSection(ExtensibilityGlobals) = postSolution
		SolutionGuid = {6D05E59A-8F1F-4610-93AB-C59785E0B1F3}
	EndGlobalSection
EndGlobal
